// !$*UTF8*$!
{
	archiveVersion = 1;
	classes = {
	};
	objectVersion = 50;
	objects = {

/* Begin PBXBuildFile section */
		B596BAA32AAB18D400EA896A /* AppDelegate.swift in Sources */ = {isa = PBXBuildFile; fileRef = B596BAA22AAB18D400EA896A /* AppDelegate.swift */; };
		B596BAA72AAB18D400EA896A /* DetailsViewController.swift in Sources */ = {isa = PBXBuildFile; fileRef = B596BAA62AAB18D400EA896A /* DetailsViewController.swift */; };
		B596BAAD2AAB18D400EA896A /* ft_hangouts.xcdatamodeld in Sources */ = {isa = PBXBuildFile; fileRef = B596BAAB2AAB18D400EA896A /* ft_hangouts.xcdatamodeld */; };
		B596BAAF2AAB18D500EA896A /* Assets.xcassets in Resources */ = {isa = PBXBuildFile; fileRef = B596BAAE2AAB18D500EA896A /* Assets.xcassets */; };
		B596BABF2AAB245E00EA896A /* HomepageViewController.swift in Sources */ = {isa = PBXBuildFile; fileRef = B596BABE2AAB245E00EA896A /* HomepageViewController.swift */; };
		B596BAC12AAB246C00EA896A /* HomepageTableViewCell.swift in Sources */ = {isa = PBXBuildFile; fileRef = B596BAC02AAB246C00EA896A /* HomepageTableViewCell.swift */; };
/* End PBXBuildFile section */

/* Begin PBXFileReference section */
		B596BA9F2AAB18D400EA896A /* ft_hangouts.app */ = {isa = PBXFileReference; explicitFileType = wrapper.application; includeInIndex = 0; path = ft_hangouts.app; sourceTree = BUILT_PRODUCTS_DIR; };
		B596BAA22AAB18D400EA896A /* AppDelegate.swift */ = {isa = PBXFileReference; lastKnownFileType = sourcecode.swift; path = AppDelegate.swift; sourceTree = "<group>"; };
		B596BAA62AAB18D400EA896A /* DetailsViewController.swift */ = {isa = PBXFileReference; lastKnownFileType = sourcecode.swift; path = DetailsViewController.swift; sourceTree = "<group>"; };
		B596BAAC2AAB18D400EA896A /* ft_hangouts.xcdatamodel */ = {isa = PBXFileReference; lastKnownFileType = wrapper.xcdatamodel; path = ft_hangouts.xcdatamodel; sourceTree = "<group>"; };
		B596BAAE2AAB18D500EA896A /* Assets.xcassets */ = {isa = PBXFileReference; lastKnownFileType = folder.assetcatalog; path = Assets.xcassets; sourceTree = "<group>"; };
		B596BAB32AAB18D500EA896A /* Info.plist */ = {isa = PBXFileReference; lastKnownFileType = text.plist.xml; path = Info.plist; sourceTree = "<group>"; };
		B596BABE2AAB245E00EA896A /* HomepageViewController.swift */ = {isa = PBXFileReference; lastKnownFileType = sourcecode.swift; path = HomepageViewController.swift; sourceTree = "<group>"; };
		B596BAC02AAB246C00EA896A /* HomepageTableViewCell.swift */ = {isa = PBXFileReference; lastKnownFileType = sourcecode.swift; path = HomepageTableViewCell.swift; sourceTree = "<group>"; };
/* End PBXFileReference section */

/* Begin PBXFrameworksBuildPhase section */
		B596BA9C2AAB18D400EA896A /* Frameworks */ = {
			isa = PBXFrameworksBuildPhase;
			buildActionMask = 2147483647;
			files = (
			);
			runOnlyForDeploymentPostprocessing = 0;
		};
/* End PBXFrameworksBuildPhase section */

/* Begin PBXGroup section */
		B596BA962AAB18D400EA896A = {
			isa = PBXGroup;
			children = (
				B596BAA12AAB18D400EA896A /* ft_hangouts */,
				B596BAA02AAB18D400EA896A /* Products */,
			);
			sourceTree = "<group>";
		};
		B596BAA02AAB18D400EA896A /* Products */ = {
			isa = PBXGroup;
			children = (
				B596BA9F2AAB18D400EA896A /* ft_hangouts.app */,
			);
			name = Products;
			sourceTree = "<group>";
		};
		B596BAA12AAB18D400EA896A /* ft_hangouts */ = {
			isa = PBXGroup;
			children = (
				B596BAA22AAB18D400EA896A /* AppDelegate.swift */,
				B596BAB92AAB21DD00EA896A /* UserStories */,
				B596BAAE2AAB18D500EA896A /* Assets.xcassets */,
				B596BAB32AAB18D500EA896A /* Info.plist */,
				B596BAAB2AAB18D400EA896A /* ft_hangouts.xcdatamodeld */,
			);
			path = ft_hangouts;
			sourceTree = "<group>";
		};
		B596BAB92AAB21DD00EA896A /* UserStories */ = {
			isa = PBXGroup;
			children = (
				B596BABD2AAB244900EA896A /* Home */,
				B596BABA2AAB21FD00EA896A /* Details */,
			);
			path = UserStories;
			sourceTree = "<group>";
		};
		B596BABA2AAB21FD00EA896A /* Details */ = {
			isa = PBXGroup;
			children = (
				B596BAA62AAB18D400EA896A /* DetailsViewController.swift */,
			);
			path = Details;
			sourceTree = "<group>";
		};
		B596BABD2AAB244900EA896A /* Home */ = {
			isa = PBXGroup;
			children = (
				B596BABE2AAB245E00EA896A /* HomepageViewController.swift */,
				B596BAC02AAB246C00EA896A /* HomepageTableViewCell.swift */,
			);
			path = Home;
			sourceTree = "<group>";
		};
/* End PBXGroup section */

/* Begin PBXNativeTarget section */
		B596BA9E2AAB18D400EA896A /* ft_hangouts */ = {
			isa = PBXNativeTarget;
			buildConfigurationList = B596BAB62AAB18D500EA896A /* Build configuration list for PBXNativeTarget "ft_hangouts" */;
			buildPhases = (
				B596BA9B2AAB18D400EA896A /* Sources */,
				B596BA9C2AAB18D400EA896A /* Frameworks */,
				B596BA9D2AAB18D400EA896A /* Resources */,
			);
			buildRules = (
			);
			dependencies = (
			);
			name = ft_hangouts;
			productName = ft_hangouts;
			productReference = B596BA9F2AAB18D400EA896A /* ft_hangouts.app */;
			productType = "com.apple.product-type.application";
		};
/* End PBXNativeTarget section */

/* Begin PBXProject section */
		B596BA972AAB18D400EA896A /* Project object */ = {
			isa = PBXProject;
			attributes = {
				LastSwiftUpdateCheck = 1130;
				LastUpgradeCheck = 1130;
				ORGANIZATIONNAME = "Zuleykha Pavlichenkova";
				TargetAttributes = {
					B596BA9E2AAB18D400EA896A = {
						CreatedOnToolsVersion = 11.3.1;
					};
				};
			};
			buildConfigurationList = B596BA9A2AAB18D400EA896A /* Build configuration list for PBXProject "ft_hangouts" */;
			compatibilityVersion = "Xcode 9.3";
			developmentRegion = en;
			hasScannedForEncodings = 0;
			knownRegions = (
				en,
				Base,
			);
			mainGroup = B596BA962AAB18D400EA896A;
			productRefGroup = B596BAA02AAB18D400EA896A /* Products */;
			projectDirPath = "";
			projectRoot = "";
			targets = (
				B596BA9E2AAB18D400EA896A /* ft_hangouts */,
			);
		};
/* End PBXProject section */

/* Begin PBXResourcesBuildPhase section */
		B596BA9D2AAB18D400EA896A /* Resources */ = {
			isa = PBXResourcesBuildPhase;
			buildActionMask = 2147483647;
			files = (
				B596BAAF2AAB18D500EA896A /* Assets.xcassets in Resources */,
			);
			runOnlyForDeploymentPostprocessing = 0;
		};
/* End PBXResourcesBuildPhase section */

/* Begin PBXSourcesBuildPhase section */
		B596BA9B2AAB18D400EA896A /* Sources */ = {
			isa = PBXSourcesBuildPhase;
			buildActionMask = 2147483647;
			files = (
				B596BABF2AAB245E00EA896A /* HomepageViewController.swift in Sources */,
				B596BAA72AAB18D400EA896A /* DetailsViewController.swift in Sources */,
				B596BAA32AAB18D400EA896A /* AppDelegate.swift in Sources */,
				B596BAC12AAB246C00EA896A /* HomepageTableViewCell.swift in Sources */,
				B596BAAD2AAB18D400EA896A /* ft_hangouts.xcdatamodeld in Sources */,
			);
			runOnlyForDeploymentPostprocessing = 0;
		};
/* End PBXSourcesBuildPhase section */

/* Begin XCBuildConfiguration section */
		B596BAB42AAB18D500EA896A /* Debug */ = {
			isa = XCBuildConfiguration;
			buildSettings = {
				ALWAYS_SEARCH_USER_PATHS = NO;
				CLANG_ANALYZER_NONNULL = YES;
				CLANG_ANALYZER_NUMBER_OBJECT_CONVERSION = YES_AGGRESSIVE;
				CLANG_CXX_LANGUAGE_STANDARD = "gnu++14";
				CLANG_CXX_LIBRARY = "libc++";
				CLANG_ENABLE_MODULES = YES;
				CLANG_ENABLE_OBJC_ARC = YES;
				CLANG_ENABLE_OBJC_WEAK = YES;
				CLANG_WARN_BLOCK_CAPTURE_AUTORELEASING = YES;
				CLANG_WARN_BOOL_CONVERSION = YES;
				CLANG_WARN_COMMA = YES;
				CLANG_WARN_CONSTANT_CONVERSION = YES;
				CLANG_WARN_DEPRECATED_OBJC_IMPLEMENTATIONS = YES;
				CLANG_WARN_DIRECT_OBJC_ISA_USAGE = YES_ERROR;
				CLANG_WARN_DOCUMENTATION_COMMENTS = YES;
				CLANG_WARN_EMPTY_BODY = YES;
				CLANG_WARN_ENUM_CONVERSION = YES;
				CLANG_WARN_INFINITE_RECURSION = YES;
				CLANG_WARN_INT_CONVERSION = YES;
				CLANG_WARN_NON_LITERAL_NULL_CONVERSION = YES;
				CLANG_WARN_OBJC_IMPLICIT_RETAIN_SELF = YES;
				CLANG_WARN_OBJC_LITERAL_CONVERSION = YES;
				CLANG_WARN_OBJC_ROOT_CLASS = YES_ERROR;
				CLANG_WARN_RANGE_LOOP_ANALYSIS = YES;
				CLANG_WARN_STRICT_PROTOTYPES = YES;
				CLANG_WARN_SUSPICIOUS_MOVE = YES;
				CLANG_WARN_UNGUARDED_AVAILABILITY = YES_AGGRESSIVE;
				CLANG_WARN_UNREACHABLE_CODE = YES;
				CLANG_WARN__DUPLICATE_METHOD_MATCH = YES;
				COPY_PHASE_STRIP = NO;
				DEBUG_INFORMATION_FORMAT = dwarf;
				ENABLE_STRICT_OBJC_MSGSEND = YES;
				ENABLE_TESTABILITY = YES;
				GCC_C_LANGUAGE_STANDARD = gnu11;
				GCC_DYNAMIC_NO_PIC = NO;
				GCC_NO_COMMON_BLOCKS = YES;
				GCC_OPTIMIZATION_LEVEL = 0;
				GCC_PREPROCESSOR_DEFINITIONS = (
					"DEBUG=1",
					"$(inherited)",
				);
				GCC_WARN_64_TO_32_BIT_CONVERSION = YES;
				GCC_WARN_ABOUT_RETURN_TYPE = YES_ERROR;
				GCC_WARN_UNDECLARED_SELECTOR = YES;
				GCC_WARN_UNINITIALIZED_AUTOS = YES_AGGRESSIVE;
				GCC_WARN_UNUSED_FUNCTION = YES;
				GCC_WARN_UNUSED_VARIABLE = YES;
				IPHONEOS_DEPLOYMENT_TARGET = 13.2;
				MTL_ENABLE_DEBUG_INFO = INCLUDE_SOURCE;
				MTL_FAST_MATH = YES;
				ONLY_ACTIVE_ARCH = YES;
				SDKROOT = iphoneos;
				SWIFT_ACTIVE_COMPILATION_CONDITIONS = DEBUG;
				SWIFT_OPTIMIZATION_LEVEL = "-Onone";
			};
			name = Debug;
		};
		B596BAB52AAB18D500EA896A /* Release */ = {
			isa = XCBuildConfiguration;
			buildSettings = {
				ALWAYS_SEARCH_USER_PATHS = NO;
				CLANG_ANALYZER_NONNULL = YES;
				CLANG_ANALYZER_NUMBER_OBJECT_CONVERSION = YES_AGGRESSIVE;
				CLANG_CXX_LANGUAGE_STANDARD = "gnu++14";
				CLANG_CXX_LIBRARY = "libc++";
				CLANG_ENABLE_MODULES = YES;
				CLANG_ENABLE_OBJC_ARC = YES;
				CLANG_ENABLE_OBJC_WEAK = YES;
				CLANG_WARN_BLOCK_CAPTURE_AUTORELEASING = YES;
				CLANG_WARN_BOOL_CONVERSION = YES;
				CLANG_WARN_COMMA = YES;
				CLANG_WARN_CONSTANT_CONVERSION = YES;
				CLANG_WARN_DEPRECATED_OBJC_IMPLEMENTATIONS = YES;
				CLANG_WARN_DIRECT_OBJC_ISA_USAGE = YES_ERROR;
				CLANG_WARN_DOCUMENTATION_COMMENTS = YES;
				CLANG_WARN_EMPTY_BODY = YES;
				CLANG_WARN_ENUM_CONVERSION = YES;
				CLANG_WARN_INFINITE_RECURSION = YES;
				CLANG_WARN_INT_CONVERSION = YES;
				CLANG_WARN_NON_LITERAL_NULL_CONVERSION = YES;
				CLANG_WARN_OBJC_IMPLICIT_RETAIN_SELF = YES;
				CLANG_WARN_OBJC_LITERAL_CONVERSION = YES;
				CLANG_WARN_OBJC_ROOT_CLASS = YES_ERROR;
				CLANG_WARN_RANGE_LOOP_ANALYSIS = YES;
				CLANG_WARN_STRICT_PROTOTYPES = YES;
				CLANG_WARN_SUSPICIOUS_MOVE = YES;
				CLANG_WARN_UNGUARDED_AVAILABILITY = YES_AGGRESSIVE;
				CLANG_WARN_UNREACHABLE_CODE = YES;
				CLANG_WARN__DUPLICATE_METHOD_MATCH = YES;
				COPY_PHASE_STRIP = NO;
				DEBUG_INFORMATION_FORMAT = "dwarf-with-dsym";
				ENABLE_NS_ASSERTIONS = NO;
				ENABLE_STRICT_OBJC_MSGSEND = YES;
				GCC_C_LANGUAGE_STANDARD = gnu11;
				GCC_NO_COMMON_BLOCKS = YES;
				GCC_WARN_64_TO_32_BIT_CONVERSION = YES;
				GCC_WARN_ABOUT_RETURN_TYPE = YES_ERROR;
				GCC_WARN_UNDECLARED_SELECTOR = YES;
				GCC_WARN_UNINITIALIZED_AUTOS = YES_AGGRESSIVE;
				GCC_WARN_UNUSED_FUNCTION = YES;
				GCC_WARN_UNUSED_VARIABLE = YES;
				IPHONEOS_DEPLOYMENT_TARGET = 13.2;
				MTL_ENABLE_DEBUG_INFO = NO;
				MTL_FAST_MATH = YES;
				SDKROOT = iphoneos;
				SWIFT_COMPILATION_MODE = wholemodule;
				SWIFT_OPTIMIZATION_LEVEL = "-O";
				VALIDATE_PRODUCT = YES;
			};
			name = Release;
		};
		B596BAB72AAB18D500EA896A /* Debug */ = {
			isa = XCBuildConfiguration;
			buildSettings = {
				ASSETCATALOG_COMPILER_APPICON_NAME = AppIcon;
				ASSETCATALOG_COMPILER_INCLUDE_ALL_APPICON_ASSETS = NO;
				CODE_SIGN_STYLE = Automatic;
				INFOPLIST_FILE = ft_hangouts/Info.plist;
				INFOPLIST_KEY_CFBundleDisplayName = ft_hangouts;
				LD_RUNPATH_SEARCH_PATHS = (
					"$(inherited)",
					"@executable_path/Frameworks",
				);
				PRODUCT_BUNDLE_IDENTIFIER = "com.zu.ft-hangouts";
				PRODUCT_NAME = "$(TARGET_NAME)";
				SUPPORTED_PLATFORMS = "iphoneos iphonesimulator";
				SUPPORTS_MACCATALYST = NO;
				SUPPORTS_MAC_DESIGNED_FOR_IPHONE_IPAD = NO;
				SWIFT_VERSION = 5.0;
				TARGETED_DEVICE_FAMILY = 1;
			};
			name = Debug;
		};
		B596BAB82AAB18D500EA896A /* Release */ = {
			isa = XCBuildConfiguration;
			buildSettings = {
				ASSETCATALOG_COMPILER_APPICON_NAME = AppIcon;
				ASSETCATALOG_COMPILER_INCLUDE_ALL_APPICON_ASSETS = NO;
				CODE_SIGN_STYLE = Automatic;
				INFOPLIST_FILE = ft_hangouts/Info.plist;
				INFOPLIST_KEY_CFBundleDisplayName = ft_hangouts;
				LD_RUNPATH_SEARCH_PATHS = (
					"$(inherited)",
					"@executable_path/Frameworks",
				);
				PRODUCT_BUNDLE_IDENTIFIER = "com.zu.ft-hangouts";
				PRODUCT_NAME = "$(TARGET_NAME)";
				SUPPORTED_PLATFORMS = "iphoneos iphonesimulator";
				SUPPORTS_MACCATALYST = NO;
				SUPPORTS_MAC_DESIGNED_FOR_IPHONE_IPAD = NO;
				SWIFT_VERSION = 5.0;
				TARGETED_DEVICE_FAMILY = 1;
			};
			name = Release;
		};
/* End XCBuildConfiguration section */

/* Begin XCConfigurationList section */
		B596BA9A2AAB18D400EA896A /* Build configuration list for PBXProject "ft_hangouts" */ = {
			isa = XCConfigurationList;
			buildConfigurations = (
				B596BAB42AAB18D500EA896A /* Debug */,
				B596BAB52AAB18D500EA896A /* Release */,
			);
			defaultConfigurationIsVisible = 0;
			defaultConfigurationName = Release;
		};
		B596BAB62AAB18D500EA896A /* Build configuration list for PBXNativeTarget "ft_hangouts" */ = {
			isa = XCConfigurationList;
			buildConfigurations = (
				B596BAB72AAB18D500EA896A /* Debug */,
				B596BAB82AAB18D500EA896A /* Release */,
			);
			defaultConfigurationIsVisible = 0;
			defaultConfigurationName = Release;
		};
/* End XCConfigurationList section */

/* Begin XCVersionGroup section */
		B596BAAB2AAB18D400EA896A /* ft_hangouts.xcdatamodeld */ = {
			isa = XCVersionGroup;
			children = (
				B596BAAC2AAB18D400EA896A /* ft_hangouts.xcdatamodel */,
			);
			currentVersion = B596BAAC2AAB18D400EA896A /* ft_hangouts.xcdatamodel */;
			path = ft_hangouts.xcdatamodeld;
			sourceTree = "<group>";
			versionGroupType = wrapper.xcdatamodel;
		};
/* End XCVersionGroup section */
	};
	rootObject = B596BA972AAB18D400EA896A /* Project object */;
}
